
Microsoft Visual Studio Solution File, Format Version 12.00
# Visual Studio 15
VisualStudioVersion = 15.0.28010.2016
MinimumVisualStudioVersion = 10.0.40219.1
Project("{FAE04EC0-301F-11D3-BF4B-00C04F79EFBC}") = "WebApiAttributeeRouting", "WebApiAttributeeRouting\WebApiAttributeeRouting.csproj", "{D0B153BD-926C-4927-BA57-3D7B4E42C7E1}"
EndProject
Global
	GlobalSection(SolutionConfigurationPlatforms) = preSolution
		Debug|Any CPU = Debug|Any CPU
		Release|Any CPU = Release|Any CPU
	EndGlobalSection
	GlobalSection(ProjectConfigurationPlatforms) = postSolution
		{D0B153BD-926C-4927-BA57-3D7B4E42C7E1}.Debug|Any CPU.ActiveCfg = Debug|Any CPU
		{D0B153BD-926C-4927-BA57-3D7B4E42C7E1}.Debug|Any CPU.Build.0 = Debug|Any CPU
		{D0B153BD-926C-4927-BA57-3D7B4E42C7E1}.Release|Any CPU.ActiveCfg = Release|Any CPU
		{D0B153BD-926C-4927-BA57-3D7B4E42C7E1}.Release|Any CPU.Build.0 = Release|Any CPU
	EndGlobalSection
	GlobalSection(SolutionProperties) = preSolution
		HideSolutionNode = FALSE
	EndGlobalSection
	GlobalSection(ExtensibilityGlobals) = postSolution
		SolutionGuid = {7F6087F5-5CC7-43A1-BC0D-E2468CB8BCFB}
	EndGlobalSection
EndGlobal
